{
  "name": "geonature-atlas",
  "version": "1.0.0",
  "lockfileVersion": 1,
  "requires": true,
  "dependencies": {
    "@fortawesome/fontawesome-free": {
      "version": "5.9.0",
      "resolved": "https://registry.npmjs.org/@fortawesome/fontawesome-free/-/fontawesome-free-5.9.0.tgz",
      "integrity": "sha512-g795BBEzM/Hq2SYNPm/NQTIp3IWd4eXSH0ds87Na2jnrAUFX3wkyZAI4Gwj9DOaWMuz2/01i8oWI7P7T/XLkhg=="
    },
    "bootstrap": {
      "version": "3.3.6",
      "resolved": "https://registry.npmjs.org/bootstrap/-/bootstrap-3.3.6.tgz",
      "integrity": "sha1-jej3SdyKdD8qxbUQ2Yg3Hj2qZYk="
    },
    "bootstrap-slider": {
      "version": "7.1.0",
      "resolved": "https://registry.npmjs.org/bootstrap-slider/-/bootstrap-slider-7.1.0.tgz",
      "integrity": "sha1-rRd3AwbjTIbwmx0uLwYqggB+s08="
    },
    "bootstrap-switch": {
      "version": "3.3.2",
      "resolved": "https://registry.npmjs.org/bootstrap-switch/-/bootstrap-switch-3.3.2.tgz",
      "integrity": "sha1-ed20n63DCPtzHiV/lZV69ImW7qc=",
      "requires": {
        "jquery": ">=1.9.0"
      }
    },
    "d3": {
      "version": "3.5.17",
      "resolved": "https://registry.npmjs.org/d3/-/d3-3.5.17.tgz",
      "integrity": "sha1-vEZ0gAQ3iyGjYMn8fPUjF5B2L7g="
    },
    "datatables": {
      "version": "1.10.12",
      "resolved": "https://registry.npmjs.org/datatables/-/datatables-1.10.12.tgz",
      "integrity": "sha1-BG9TfQUW6/cAfKf2wcrS8uoMGdg=",
      "requires": {
        "jquery": ">=1.7"
      }
    },
    "eve": {
      "version": "git://github.com/adobe-webplatform/eve.git#eef80ed8d188423c2272746fb8ae5cc8dad84cb1",
      "from": "git://github.com/adobe-webplatform/eve.git#eef80ed"
    },
    "eve-raphael": {
      "version": "0.5.0",
      "resolved": "https://registry.npmjs.org/eve-raphael/-/eve-raphael-0.5.0.tgz",
      "integrity": "sha1-F8dUt5K+7z+maE15z1pHxjxM2jA="
    },
    "glossarizer": {
      "version": "1.5.2",
      "resolved": "https://registry.npmjs.org/glossarizer/-/glossarizer-1.5.2.tgz",
      "integrity": "sha1-42zTbJXkgrrQVv4CZxqZIuNc39Q=",
      "requires": {
        "jquery": "^3.2.1"
      },
      "dependencies": {
        "jquery": {
          "version": "3.6.0",
          "resolved": "https://registry.npmjs.org/jquery/-/jquery-3.6.0.tgz",
          "integrity": "sha512-JVzAR/AjBvVt2BmYhxRCSYysDsPcssdmTFnzyLEts9qNwmjmu4JTAMYubEfwVOSwpQ1I1sKKFcxhZCI2buerfw=="
        }
      }
    },
    "jquery": {
      "version": "1.12.4",
      "resolved": "https://registry.npmjs.org/jquery/-/jquery-1.12.4.tgz",
      "integrity": "sha1-AeHfuikP5z3rp3zurLD5ui/sngw="
    },
    "jquery-lazy": {
      "version": "1.7.9",
      "resolved": "https://registry.npmjs.org/jquery-lazy/-/jquery-lazy-1.7.9.tgz",
      "integrity": "sha512-lRzANO9+Z7MBgo+uLOIvhRBMeOJR6a9wVdwhpYH+SWG4Ky9bOjOFGHN+M0vV1vLuRViUJs4msZgz3gTeAY1GWQ==",
      "requires": {
        "jquery": ">=1.7.2"
      }
    },
    "jquery-ui-dist": {
      "version": "1.12.1",
      "resolved": "https://registry.npmjs.org/jquery-ui-dist/-/jquery-ui-dist-1.12.1.tgz",
      "integrity": "sha1-XAgV08xvkP9fqvWyaKbiO0ypBPo="
    },
    "leaflet": {
      "version": "1.0.2",
      "resolved": "https://registry.npmjs.org/leaflet/-/leaflet-1.0.2.tgz",
      "integrity": "sha1-+k+8t4RJRPwr+wvPnKDeoTRjyiE="
    },
    "leaflet.fullscreen": {
      "version": "2.0.0",
      "resolved": "https://registry.npmjs.org/leaflet.fullscreen/-/leaflet.fullscreen-2.0.0.tgz",
      "integrity": "sha512-MCgTKmdEF9Twh8nWI7SVBiEFvDmxS78Y+k63SwjNiFRzp3T4b9G7HmR69sdSKr0yOhCiDEssLw1RUoswMxD21Q=="
    },
    "leaflet.markercluster": {
      "version": "0.5.0",
      "resolved": "https://registry.npmjs.org/leaflet.markercluster/-/leaflet.markercluster-0.5.0.tgz",
      "integrity": "sha1-gEpcKwLsrLGcBkolM5arYNXfaZs=",
      "requires": {
        "leaflet": "~0.7.1"
      },
      "dependencies": {
        "leaflet": {
          "version": "0.7.7",
          "resolved": "https://registry.npmjs.org/leaflet/-/leaflet-0.7.7.tgz",
          "integrity": "sha1-HjUrpU5j0HZFH6NjyQCJDLLPde4="
        }
      }
    },
    "lightbox2": {
      "version": "2.8.2",
      "resolved": "https://registry.npmjs.org/lightbox2/-/lightbox2-2.8.2.tgz",
      "integrity": "sha1-vnPZhvBwE2MHtiPTCsBbLAbTG7M="
    },
    "morris.js": {
      "version": "0.5.0",
      "resolved": "https://registry.npmjs.org/morris.js/-/morris.js-0.5.0.tgz",
      "integrity": "sha1-cldnE1z64Fmq51mZuyzmocXRtEs="
    },
    "raphael": {
      "version": "2.2.0",
      "resolved": "https://registry.npmjs.org/raphael/-/raphael-2.2.0.tgz",
      "integrity": "sha1-qdhPJj7I/obS4WzCz36pq8IA1ho=",
      "requires": {
        "eve": "git://github.com/adobe-webplatform/eve.git#eef80ed8d188423c2272746fb8ae5cc8dad84cb1"
      }
    }
  }
}
